
Microsoft Visual Studio Solution File, Format Version 12.00
# Visual Studio Version 17
VisualStudioVersion = 17.0.31903.59
MinimumVisualStudioVersion = 10.0.40219.1
Project("{FAE04EC0-301F-11D3-BF4B-00C04F79EFBC}") = "API", "API\API.csproj", "{24E14A7D-B3F9-4A04-8135-8AD9336375B5}"
EndProject
Project("{FAE04EC0-301F-11D3-BF4B-00C04F79EFBC}") = "Core", "Core\Core.csproj", "{A6B31ABA-40D2-4D54-92A9-AB89606EBB2A}"
EndProject
Project("{FAE04EC0-301F-11D3-BF4B-00C04F79EFBC}") = "Infrastructure", "Infrastructure\Infrastructure.csproj", "{495CB2B4-8E1D-47E5-B14C-A7301A726F8E}"
EndProject
Global
	GlobalSection(SolutionConfigurationPlatforms) = preSolution
		Debug|Any CPU = Debug|Any CPU
		Release|Any CPU = Release|Any CPU
	EndGlobalSection
	GlobalSection(SolutionProperties) = preSolution
		HideSolutionNode = FALSE
	EndGlobalSection
	GlobalSection(ProjectConfigurationPlatforms) = postSolution
		{24E14A7D-B3F9-4A04-8135-8AD9336375B5}.Debug|Any CPU.ActiveCfg = Debug|Any CPU
		{24E14A7D-B3F9-4A04-8135-8AD9336375B5}.Debug|Any CPU.Build.0 = Debug|Any CPU
		{24E14A7D-B3F9-4A04-8135-8AD9336375B5}.Release|Any CPU.ActiveCfg = Release|Any CPU
		{24E14A7D-B3F9-4A04-8135-8AD9336375B5}.Release|Any CPU.Build.0 = Release|Any CPU
		{A6B31ABA-40D2-4D54-92A9-AB89606EBB2A}.Debug|Any CPU.ActiveCfg = Debug|Any CPU
		{A6B31ABA-40D2-4D54-92A9-AB89606EBB2A}.Debug|Any CPU.Build.0 = Debug|Any CPU
		{A6B31ABA-40D2-4D54-92A9-AB89606EBB2A}.Release|Any CPU.ActiveCfg = Release|Any CPU
		{A6B31ABA-40D2-4D54-92A9-AB89606EBB2A}.Release|Any CPU.Build.0 = Release|Any CPU
		{495CB2B4-8E1D-47E5-B14C-A7301A726F8E}.Debug|Any CPU.ActiveCfg = Debug|Any CPU
		{495CB2B4-8E1D-47E5-B14C-A7301A726F8E}.Debug|Any CPU.Build.0 = Debug|Any CPU
		{495CB2B4-8E1D-47E5-B14C-A7301A726F8E}.Release|Any CPU.ActiveCfg = Release|Any CPU
		{495CB2B4-8E1D-47E5-B14C-A7301A726F8E}.Release|Any CPU.Build.0 = Release|Any CPU
	EndGlobalSection
EndGlobal
